// !$*UTF8*$!
{
	archiveVersion = 1;
	classes = {
	};
	objectVersion = 46;
	objects = {

/* Begin PBXBuildFile section */
		03B8CA38158035B000C60F90 /* UIKit.framework in Frameworks */ = {isa = PBXBuildFile; fileRef = 03B8CA37158035B000C60F90 /* UIKit.framework */; };
		03B8CA3A158035B000C60F90 /* Foundation.framework in Frameworks */ = {isa = PBXBuildFile; fileRef = 03B8CA39158035B000C60F90 /* Foundation.framework */; };
		03B8CA3C158035B000C60F90 /* CoreGraphics.framework in Frameworks */ = {isa = PBXBuildFile; fileRef = 03B8CA3B158035B000C60F90 /* CoreGraphics.framework */; };
		03B8CA42158035B000C60F90 /* InfoPlist.strings in Resources */ = {isa = PBXBuildFile; fileRef = 03B8CA40158035B000C60F90 /* InfoPlist.strings */; };
		03B8CA44158035B000C60F90 /* main.m in Sources */ = {isa = PBXBuildFile; fileRef = 03B8CA43158035B000C60F90 /* main.m */; };
		03B8CA48158035B000C60F90 /* AppDelegate.m in Sources */ = {isa = PBXBuildFile; fileRef = 03B8CA47158035B000C60F90 /* AppDelegate.m */; };
/* End PBXBuildFile section */

/* Begin PBXFileReference section */
		03B8CA33158035B000C60F90 /* Jun7.app */ = {isa = PBXFileReference; explicitFileType = wrapper.application; includeInIndex = 0; path = Jun7.app; sourceTree = BUILT_PRODUCTS_DIR; };
		03B8CA37158035B000C60F90 /* UIKit.framework */ = {isa = PBXFileReference; lastKnownFileType = wrapper.framework; name = UIKit.framework; path = System/Library/Frameworks/UIKit.framework; sourceTree = SDKROOT; };
		03B8CA39158035B000C60F90 /* Foundation.framework */ = {isa = PBXFileReference; lastKnownFileType = wrapper.framework; name = Foundation.framework; path = System/Library/Frameworks/Foundation.framework; sourceTree = SDKROOT; };
		03B8CA3B158035B000C60F90 /* CoreGraphics.framework */ = {isa = PBXFileReference; lastKnownFileType = wrapper.framework; name = CoreGraphics.framework; path = System/Library/Frameworks/CoreGraphics.framework; sourceTree = SDKROOT; };
		03B8CA3F158035B000C60F90 /* Jun7-Info.plist */ = {isa = PBXFileReference; lastKnownFileType = text.plist.xml; path = "Jun7-Info.plist"; sourceTree = "<group>"; };
		03B8CA41158035B000C60F90 /* en */ = {isa = PBXFileReference; lastKnownFileType = text.plist.strings; name = en; path = en.lproj/InfoPlist.strings; sourceTree = "<group>"; };
		03B8CA43158035B000C60F90 /* main.m */ = {isa = PBXFileReference; lastKnownFileType = sourcecode.c.objc; path = main.m; sourceTree = "<group>"; };
		03B8CA45158035B000C60F90 /* Jun7-Prefix.pch */ = {isa = PBXFileReference; lastKnownFileType = sourcecode.c.h; path = "Jun7-Prefix.pch"; sourceTree = "<group>"; };
		03B8CA46158035B000C60F90 /* AppDelegate.h */ = {isa = PBXFileReference; lastKnownFileType = sourcecode.c.h; path = AppDelegate.h; sourceTree = "<group>"; };
		03B8CA47158035B000C60F90 /* AppDelegate.m */ = {isa = PBXFileReference; lastKnownFileType = sourcecode.c.objc; path = AppDelegate.m; sourceTree = "<group>"; };
/* End PBXFileReference section */

/* Begin PBXFrameworksBuildPhase section */
		03B8CA30158035B000C60F90 /* Frameworks */ = {
			isa = PBXFrameworksBuildPhase;
			buildActionMask = 2147483647;
			files = (
				03B8CA38158035B000C60F90 /* UIKit.framework in Frameworks */,
				03B8CA3A158035B000C60F90 /* Foundation.framework in Frameworks */,
				03B8CA3C158035B000C60F90 /* CoreGraphics.framework in Frameworks */,
			);
			runOnlyForDeploymentPostprocessing = 0;
		};
/* End PBXFrameworksBuildPhase section */

/* Begin PBXGroup section */
		03B8CA28158035B000C60F90 = {
			isa = PBXGroup;
			children = (
				03B8CA3D158035B000C60F90 /* Jun7 */,
				03B8CA36158035B000C60F90 /* Frameworks */,
				03B8CA34158035B000C60F90 /* Products */,
			);
			sourceTree = "<group>";
		};
		03B8CA34158035B000C60F90 /* Products */ = {
			isa = PBXGroup;
			children = (
				03B8CA33158035B000C60F90 /* Jun7.app */,
			);
			name = Products;
			sourceTree = "<group>";
		};
		03B8CA36158035B000C60F90 /* Frameworks */ = {
			isa = PBXGroup;
			children = (
				03B8CA37158035B000C60F90 /* UIKit.framework */,
				03B8CA39158035B000C60F90 /* Foundation.framework */,
				03B8CA3B158035B000C60F90 /* CoreGraphics.framework */,
			);
			name = Frameworks;
			sourceTree = "<group>";
		};
		03B8CA3D158035B000C60F90 /* Jun7 */ = {
			isa = PBXGroup;
			children = (
				03B8CA46158035B000C60F90 /* AppDelegate.h */,
				03B8CA47158035B000C60F90 /* AppDelegate.m */,
				03B8CA3E158035B000C60F90 /* Supporting Files */,
			);
			path = Jun7;
			sourceTree = "<group>";
		};
		03B8CA3E158035B000C60F90 /* Supporting Files */ = {
			isa = PBXGroup;
			children = (
				03B8CA3F158035B000C60F90 /* Jun7-Info.plist */,
				03B8CA40158035B000C60F90 /* InfoPlist.strings */,
				03B8CA43158035B000C60F90 /* main.m */,
				03B8CA45158035B000C60F90 /* Jun7-Prefix.pch */,
			);
			name = "Supporting Files";
			sourceTree = "<group>";
		};
/* End PBXGroup section */

/* Begin PBXNativeTarget section */
		03B8CA32158035B000C60F90 /* Jun7 */ = {
			isa = PBXNativeTarget;
			buildConfigurationList = 03B8CA4B158035B000C60F90 /* Build configuration list for PBXNativeTarget "Jun7" */;
			buildPhases = (
				03B8CA2F158035B000C60F90 /* Sources */,
				03B8CA30158035B000C60F90 /* Frameworks */,
				03B8CA31158035B000C60F90 /* Resources */,
			);
			buildRules = (
			);
			dependencies = (
			);
			name = Jun7;
			productName = Jun7;
			productReference = 03B8CA33158035B000C60F90 /* Jun7.app */;
			productType = "com.apple.product-type.application";
		};
/* End PBXNativeTarget section */

/* Begin PBXProject section */
		03B8CA2A158035B000C60F90 /* Project object */ = {
			isa = PBXProject;
			attributes = {
				LastUpgradeCheck = 0430;
			};
			buildConfigurationList = 03B8CA2D158035B000C60F90 /* Build configuration list for PBXProject "Jun7" */;
			compatibilityVersion = "Xcode 3.2";
			developmentRegion = English;
			hasScannedForEncodings = 0;
			knownRegions = (
				en,
			);
			mainGroup = 03B8CA28158035B000C60F90;
			productRefGroup = 03B8CA34158035B000C60F90 /* Products */;
			projectDirPath = "";
			projectRoot = "";
			targets = (
				03B8CA32158035B000C60F90 /* Jun7 */,
			);
		};
/* End PBXProject section */

/* Begin PBXResourcesBuildPhase section */
		03B8CA31158035B000C60F90 /* Resources */ = {
			isa = PBXResourcesBuildPhase;
			buildActionMask = 2147483647;
			files = (
				03B8CA42158035B000C60F90 /* InfoPlist.strings in Resources */,
			);
			runOnlyForDeploymentPostprocessing = 0;
		};
/* End PBXResourcesBuildPhase section */

/* Begin PBXSourcesBuildPhase section */
		03B8CA2F158035B000C60F90 /* Sources */ = {
			isa = PBXSourcesBuildPhase;
			buildActionMask = 2147483647;
			files = (
				03B8CA44158035B000C60F90 /* main.m in Sources */,
				03B8CA48158035B000C60F90 /* AppDelegate.m in Sources */,
			);
			runOnlyForDeploymentPostprocessing = 0;
		};
/* End PBXSourcesBuildPhase section */

/* Begin PBXVariantGroup section */
		03B8CA40158035B000C60F90 /* InfoPlist.strings */ = {
			isa = PBXVariantGroup;
			children = (
				03B8CA41158035B000C60F90 /* en */,
			);
			name = InfoPlist.strings;
			sourceTree = "<group>";
		};
/* End PBXVariantGroup section */

/* Begin XCBuildConfiguration section */
		03B8CA49158035B000C60F90 /* Debug */ = {
			isa = XCBuildConfiguration;
			buildSettings = {
				ALWAYS_SEARCH_USER_PATHS = NO;
				ARCHS = "$(ARCHS_STANDARD_32_BIT)";
				CLANG_ENABLE_OBJC_ARC = YES;
				"CODE_SIGN_IDENTITY[sdk=iphoneos*]" = "iPhone Developer";
				COPY_PHASE_STRIP = NO;
				GCC_C_LANGUAGE_STANDARD = gnu99;
				GCC_DYNAMIC_NO_PIC = NO;
				GCC_OPTIMIZATION_LEVEL = 0;
				GCC_PREPROCESSOR_DEFINITIONS = (
					"DEBUG=1",
					"$(inherited)",
				);
				GCC_SYMBOLS_PRIVATE_EXTERN = NO;
				GCC_VERSION = com.apple.compilers.llvm.clang.1_0;
				GCC_WARN_ABOUT_RETURN_TYPE = YES;
				GCC_WARN_UNINITIALIZED_AUTOS = YES;
				GCC_WARN_UNUSED_VARIABLE = YES;
				IPHONEOS_DEPLOYMENT_TARGET = 5.1;
				SDKROOT = iphoneos;
			};
			name = Debug;
		};
		03B8CA4A158035B000C60F90 /* Release */ = {
			isa = XCBuildConfiguration;
			buildSettings = {
				ALWAYS_SEARCH_USER_PATHS = NO;
				ARCHS = "$(ARCHS_STANDARD_32_BIT)";
				CLANG_ENABLE_OBJC_ARC = YES;
				"CODE_SIGN_IDENTITY[sdk=iphoneos*]" = "iPhone Developer";
				COPY_PHASE_STRIP = YES;
				GCC_C_LANGUAGE_STANDARD = gnu99;
				GCC_VERSION = com.apple.compilers.llvm.clang.1_0;
				GCC_WARN_ABOUT_RETURN_TYPE = YES;
				GCC_WARN_UNINITIALIZED_AUTOS = YES;
				GCC_WARN_UNUSED_VARIABLE = YES;
				IPHONEOS_DEPLOYMENT_TARGET = 5.1;
				OTHER_CFLAGS = "-DNS_BLOCK_ASSERTIONS=1";
				SDKROOT = iphoneos;
				VALIDATE_PRODUCT = YES;
			};
			name = Release;
		};
		03B8CA4C158035B000C60F90 /* Debug */ = {
			isa = XCBuildConfiguration;
			buildSettings = {
				GCC_PRECOMPILE_PREFIX_HEADER = YES;
				GCC_PREFIX_HEADER = "Jun7/Jun7-Prefix.pch";
				INFOPLIST_FILE = "Jun7/Jun7-Info.plist";
				PRODUCT_NAME = "$(TARGET_NAME)";
				WRAPPER_EXTENSION = app;
			};
			name = Debug;
		};
		03B8CA4D158035B000C60F90 /* Release */ = {
			isa = XCBuildConfiguration;
			buildSettings = {
				GCC_PRECOMPILE_PREFIX_HEADER = YES;
				GCC_PREFIX_HEADER = "Jun7/Jun7-Prefix.pch";
				INFOPLIST_FILE = "Jun7/Jun7-Info.plist";
				PRODUCT_NAME = "$(TARGET_NAME)";
				WRAPPER_EXTENSION = app;
			};
			name = Release;
		};
/* End XCBuildConfiguration section */

/* Begin XCConfigurationList section */
		03B8CA2D158035B000C60F90 /* Build configuration list for PBXProject "Jun7" */ = {
			isa = XCConfigurationList;
			buildConfigurations = (
				03B8CA49158035B000C60F90 /* Debug */,
				03B8CA4A158035B000C60F90 /* Release */,
			);
			defaultConfigurationIsVisible = 0;
			defaultConfigurationName = Release;
		};
		03B8CA4B158035B000C60F90 /* Build configuration list for PBXNativeTarget "Jun7" */ = {
			isa = XCConfigurationList;
			buildConfigurations = (
				03B8CA4C158035B000C60F90 /* Debug */,
				03B8CA4D158035B000C60F90 /* Release */,
			);
			defaultConfigurationIsVisible = 0;
		};
/* End XCConfigurationList section */
	};
	rootObject = 03B8CA2A158035B000C60F90 /* Project object */;
}
